
Microsoft Visual Studio Solution File, Format Version 12.00
# Visual Studio Version 16
VisualStudioVersion = 16.0.31229.75
MinimumVisualStudioVersion = 10.0.40219.1
Project("{FAE04EC0-301F-11D3-BF4B-00C04F79EFBC}") = "ProyectoFinal", "ProyectoFinal.csproj", "{15CCE90B-8B6E-4795-A5D3-E33237E2BFB1}"
EndProject
Global
	GlobalSection(SolutionConfigurationPlatforms) = preSolution
		Debug|Any CPU = Debug|Any CPU
		Release|Any CPU = Release|Any CPU
	EndGlobalSection
	GlobalSection(ProjectConfigurationPlatforms) = postSolution
		{15CCE90B-8B6E-4795-A5D3-E33237E2BFB1}.Debug|Any CPU.ActiveCfg = Debug|Any CPU
		{15CCE90B-8B6E-4795-A5D3-E33237E2BFB1}.Debug|Any CPU.Build.0 = Debug|Any CPU
		{15CCE90B-8B6E-4795-A5D3-E33237E2BFB1}.Release|Any CPU.ActiveCfg = Release|Any CPU
		{15CCE90B-8B6E-4795-A5D3-E33237E2BFB1}.Release|Any CPU.Build.0 = Release|Any CPU
	EndGlobalSection
	GlobalSection(SolutionProperties) = preSolution
		HideSolutionNode = FALSE
	EndGlobalSection
	GlobalSection(ExtensibilityGlobals) = postSolution
		SolutionGuid = {477ABF5A-88F4-4972-AA4F-D80D5578A55B}
	EndGlobalSection
EndGlobal
